# @generated by Move, please check-in and do not edit manually.

[move]
version = 3
manifest_digest = "94C9905C0FEF759D4DE02A5AB170ECA2F487CA3FBC5D2CAE9E8A50AE40F8E525"
deps_digest = "F8BBB0CCB2491CA29A3DF03D6F92277A4F3574266507ACD77214D37ECA3F3082"
dependencies = [
  { id = "Sui", name = "Sui" },
]

[[move.package]]
id = "MoveStdlib"
source = { git = "https://github.com/MystenLabs/sui.git", rev = "framework/mainnet", subdir = "crates/sui-framework/packages/move-stdlib" }

[[move.package]]
id = "Sui"
source = { git = "https://github.com/MystenLabs/sui.git", rev = "framework/mainnet", subdir = "crates/sui-framework/packages/sui-framework" }

dependencies = [
  { id = "MoveStdlib", name = "MoveStdlib" },
]

[move.toolchain-version]
compiler-version = "1.52.1"
edition = "2024"
flavor = "sui"

[env]

[env.testnet]
chain-id = "4c78adac"
original-published-id = "0xde39d60a86cd9937907be1c7bcba1f1755860a1298b3f8eb9e1883cf1a0e34ce"
latest-published-id = "0xde39d60a86cd9937907be1c7bcba1f1755860a1298b3f8eb9e1883cf1a0e34ce"
published-version = "1"
